
Microsoft Visual Studio Solution File, Format Version 12.00
# Visual Studio Version 17
VisualStudioVersion = 17.3.32825.248
MinimumVisualStudioVersion = 10.0.40219.1
Project("{FAE04EC0-301F-11D3-BF4B-00C04F79EFBC}") = "Calculator.WpfApp", "Calculator.WpfApp\Calculator.WpfApp.csproj", "{2CA084F1-2233-4843-8A25-9F079AD47056}"
EndProject
Global
	GlobalSection(SolutionConfigurationPlatforms) = preSolution
		Debug|Any CPU = Debug|Any CPU
		Release|Any CPU = Release|Any CPU
	EndGlobalSection
	GlobalSection(ProjectConfigurationPlatforms) = postSolution
		{2CA084F1-2233-4843-8A25-9F079AD47056}.Debug|Any CPU.ActiveCfg = Debug|Any CPU
		{2CA084F1-2233-4843-8A25-9F079AD47056}.Debug|Any CPU.Build.0 = Debug|Any CPU
		{2CA084F1-2233-4843-8A25-9F079AD47056}.Release|Any CPU.ActiveCfg = Release|Any CPU
		{2CA084F1-2233-4843-8A25-9F079AD47056}.Release|Any CPU.Build.0 = Release|Any CPU
	EndGlobalSection
	GlobalSection(SolutionProperties) = preSolution
		HideSolutionNode = FALSE
	EndGlobalSection
	GlobalSection(ExtensibilityGlobals) = postSolution
		SolutionGuid = {993C06CC-E1DC-434F-8457-62DF3303186E}
	EndGlobalSection
EndGlobal
