
Microsoft Visual Studio Solution File, Format Version 12.00
# Visual Studio Version 17
VisualStudioVersion = 17.1.32421.90
MinimumVisualStudioVersion = 10.0.40219.1
Project("{FAE04EC0-301F-11D3-BF4B-00C04F79EFBC}") = "My90_Udemy", "My90_Udemy\My90_Udemy.csproj", "{96987D06-57E4-451F-95DF-2E1688162CAF}"
EndProject
Global
	GlobalSection(SolutionConfigurationPlatforms) = preSolution
		Debug|Any CPU = Debug|Any CPU
		Release|Any CPU = Release|Any CPU
	EndGlobalSection
	GlobalSection(ProjectConfigurationPlatforms) = postSolution
		{96987D06-57E4-451F-95DF-2E1688162CAF}.Debug|Any CPU.ActiveCfg = Debug|Any CPU
		{96987D06-57E4-451F-95DF-2E1688162CAF}.Debug|Any CPU.Build.0 = Debug|Any CPU
		{96987D06-57E4-451F-95DF-2E1688162CAF}.Release|Any CPU.ActiveCfg = Release|Any CPU
		{96987D06-57E4-451F-95DF-2E1688162CAF}.Release|Any CPU.Build.0 = Release|Any CPU
	EndGlobalSection
	GlobalSection(SolutionProperties) = preSolution
		HideSolutionNode = FALSE
	EndGlobalSection
	GlobalSection(ExtensibilityGlobals) = postSolution
		SolutionGuid = {0954EF2A-A28D-46E3-B489-60628397FE97}
	EndGlobalSection
EndGlobal
