
Microsoft Visual Studio Solution File, Format Version 12.00
# Visual Studio Version 16
VisualStudioVersion = 16.0.30011.22
MinimumVisualStudioVersion = 10.0.40219.1
Project("{FAE04EC0-301F-11D3-BF4B-00C04F79EFBC}") = "AplikacjaSprzedażyProduktówiUsług", "AplikacjaSprzedażyProduktówiUsług\AplikacjaSprzedażyProduktówiUsług.csproj", "{384A63A3-DAAA-433B-A5B7-009BEC0410AF}"
EndProject
Global
	GlobalSection(SolutionConfigurationPlatforms) = preSolution
		Debug|Any CPU = Debug|Any CPU
		Release|Any CPU = Release|Any CPU
	EndGlobalSection
	GlobalSection(ProjectConfigurationPlatforms) = postSolution
		{384A63A3-DAAA-433B-A5B7-009BEC0410AF}.Debug|Any CPU.ActiveCfg = Debug|Any CPU
		{384A63A3-DAAA-433B-A5B7-009BEC0410AF}.Debug|Any CPU.Build.0 = Debug|Any CPU
		{384A63A3-DAAA-433B-A5B7-009BEC0410AF}.Release|Any CPU.ActiveCfg = Release|Any CPU
		{384A63A3-DAAA-433B-A5B7-009BEC0410AF}.Release|Any CPU.Build.0 = Release|Any CPU
	EndGlobalSection
	GlobalSection(SolutionProperties) = preSolution
		HideSolutionNode = FALSE
	EndGlobalSection
	GlobalSection(ExtensibilityGlobals) = postSolution
		SolutionGuid = {D77EFA2E-8C09-4531-8467-B58DE2AE340C}
	EndGlobalSection
EndGlobal
